// !$*UTF8*$!
{
	archiveVersion = 1;
	classes = {
	};
	objectVersion = 50;
	objects = {

/* Begin PBXBuildFile section */
		3AD83FE023840EB60004EAB5 /* AppDelegate.m in Sources */ = {isa = PBXBuildFile; fileRef = 3AD83FDF23840EB60004EAB5 /* AppDelegate.m */; };
		3AD83FEB23840EBB0004EAB5 /* Assets.xcassets in Resources */ = {isa = PBXBuildFile; fileRef = 3AD83FEA23840EBB0004EAB5 /* Assets.xcassets */; };
		3AD83FEE23840EBB0004EAB5 /* LaunchScreen.storyboard in Resources */ = {isa = PBXBuildFile; fileRef = 3AD83FEC23840EBB0004EAB5 /* LaunchScreen.storyboard */; };
		3AD83FF123840EBB0004EAB5 /* main.m in Sources */ = {isa = PBXBuildFile; fileRef = 3AD83FF023840EBB0004EAB5 /* main.m */; };
		3AD83FFA238410EE0004EAB5 /* DSHybridSDK.framework in Frameworks */ = {isa = PBXBuildFile; fileRef = 3AD83FF823840F2D0004EAB5 /* DSHybridSDK.framework */; };
		3AD83FFB238410EE0004EAB5 /* DSHybridSDK.framework in Embed Frameworks */ = {isa = PBXBuildFile; fileRef = 3AD83FF823840F2D0004EAB5 /* DSHybridSDK.framework */; settings = {ATTRIBUTES = (CodeSignOnCopy, RemoveHeadersOnCopy, ); }; };
/* End PBXBuildFile section */

/* Begin PBXCopyFilesBuildPhase section */
		3AD83FFC238410EE0004EAB5 /* Embed Frameworks */ = {
			isa = PBXCopyFilesBuildPhase;
			buildActionMask = 2147483647;
			dstPath = "";
			dstSubfolderSpec = 10;
			files = (
				3AD83FFB238410EE0004EAB5 /* DSHybridSDK.framework in Embed Frameworks */,
			);
			name = "Embed Frameworks";
			runOnlyForDeploymentPostprocessing = 0;
		};
/* End PBXCopyFilesBuildPhase section */

/* Begin PBXFileReference section */
		3AD83FDB23840EB60004EAB5 /* DSHybridAppExam.app */ = {isa = PBXFileReference; explicitFileType = wrapper.application; includeInIndex = 0; path = DSHybridAppExam.app; sourceTree = BUILT_PRODUCTS_DIR; };
		3AD83FDE23840EB60004EAB5 /* AppDelegate.h */ = {isa = PBXFileReference; lastKnownFileType = sourcecode.c.h; path = AppDelegate.h; sourceTree = "<group>"; };
		3AD83FDF23840EB60004EAB5 /* AppDelegate.m */ = {isa = PBXFileReference; lastKnownFileType = sourcecode.c.objc; path = AppDelegate.m; sourceTree = "<group>"; };
		3AD83FEA23840EBB0004EAB5 /* Assets.xcassets */ = {isa = PBXFileReference; lastKnownFileType = folder.assetcatalog; path = Assets.xcassets; sourceTree = "<group>"; };
		3AD83FED23840EBB0004EAB5 /* Base */ = {isa = PBXFileReference; lastKnownFileType = file.storyboard; name = Base; path = Base.lproj/LaunchScreen.storyboard; sourceTree = "<group>"; };
		3AD83FEF23840EBB0004EAB5 /* Info.plist */ = {isa = PBXFileReference; lastKnownFileType = text.plist.xml; path = Info.plist; sourceTree = "<group>"; };
		3AD83FF023840EBB0004EAB5 /* main.m */ = {isa = PBXFileReference; lastKnownFileType = sourcecode.c.objc; path = main.m; sourceTree = "<group>"; };
		3AD83FF823840F2D0004EAB5 /* DSHybridSDK.framework */ = {isa = PBXFileReference; lastKnownFileType = wrapper.framework; path = DSHybridSDK.framework; sourceTree = "<group>"; };
/* End PBXFileReference section */

/* Begin PBXFrameworksBuildPhase section */
		3AD83FD823840EB60004EAB5 /* Frameworks */ = {
			isa = PBXFrameworksBuildPhase;
			buildActionMask = 2147483647;
			files = (
				3AD83FFA238410EE0004EAB5 /* DSHybridSDK.framework in Frameworks */,
			);
			runOnlyForDeploymentPostprocessing = 0;
		};
/* End PBXFrameworksBuildPhase section */

/* Begin PBXGroup section */
		3AD83FD223840EB60004EAB5 = {
			isa = PBXGroup;
			children = (
				3AD83FF723840F2D0004EAB5 /* DSHybridSDK */,
				3AD83FDD23840EB60004EAB5 /* DSHybridAppExam */,
				3AD83FDC23840EB60004EAB5 /* Products */,
			);
			sourceTree = "<group>";
		};
		3AD83FDC23840EB60004EAB5 /* Products */ = {
			isa = PBXGroup;
			children = (
				3AD83FDB23840EB60004EAB5 /* DSHybridAppExam.app */,
			);
			name = Products;
			sourceTree = "<group>";
		};
		3AD83FDD23840EB60004EAB5 /* DSHybridAppExam */ = {
			isa = PBXGroup;
			children = (
				3AD83FDE23840EB60004EAB5 /* AppDelegate.h */,
				3AD83FDF23840EB60004EAB5 /* AppDelegate.m */,
				3AD83FEA23840EBB0004EAB5 /* Assets.xcassets */,
				3AD83FEC23840EBB0004EAB5 /* LaunchScreen.storyboard */,
				3AD83FEF23840EBB0004EAB5 /* Info.plist */,
				3AD83FF023840EBB0004EAB5 /* main.m */,
			);
			path = DSHybridAppExam;
			sourceTree = "<group>";
		};
		3AD83FF723840F2D0004EAB5 /* DSHybridSDK */ = {
			isa = PBXGroup;
			children = (
				3AD83FF823840F2D0004EAB5 /* DSHybridSDK.framework */,
			);
			path = DSHybridSDK;
			sourceTree = "<group>";
		};
/* End PBXGroup section */

/* Begin PBXNativeTarget section */
		3AD83FDA23840EB60004EAB5 /* DSHybridAppExam */ = {
			isa = PBXNativeTarget;
			buildConfigurationList = 3AD83FF423840EBB0004EAB5 /* Build configuration list for PBXNativeTarget "DSHybridAppExam" */;
			buildPhases = (
				3AD83FD723840EB60004EAB5 /* Sources */,
				3AD83FD823840EB60004EAB5 /* Frameworks */,
				3AD83FD923840EB60004EAB5 /* Resources */,
				3AD83FFC238410EE0004EAB5 /* Embed Frameworks */,
			);
			buildRules = (
			);
			dependencies = (
			);
			name = DSHybridAppExam;
			productName = DSHybridAppExam;
			productReference = 3AD83FDB23840EB60004EAB5 /* DSHybridAppExam.app */;
			productType = "com.apple.product-type.application";
		};
/* End PBXNativeTarget section */

/* Begin PBXProject section */
		3AD83FD323840EB60004EAB5 /* Project object */ = {
			isa = PBXProject;
			attributes = {
				LastUpgradeCheck = 1120;
				ORGANIZATIONNAME = directionsoft;
				TargetAttributes = {
					3AD83FDA23840EB60004EAB5 = {
						CreatedOnToolsVersion = 11.2;
					};
				};
			};
			buildConfigurationList = 3AD83FD623840EB60004EAB5 /* Build configuration list for PBXProject "DSHybridAppExam" */;
			compatibilityVersion = "Xcode 9.3";
			developmentRegion = en;
			hasScannedForEncodings = 0;
			knownRegions = (
				en,
				Base,
			);
			mainGroup = 3AD83FD223840EB60004EAB5;
			productRefGroup = 3AD83FDC23840EB60004EAB5 /* Products */;
			projectDirPath = "";
			projectRoot = "";
			targets = (
				3AD83FDA23840EB60004EAB5 /* DSHybridAppExam */,
			);
		};
/* End PBXProject section */

/* Begin PBXResourcesBuildPhase section */
		3AD83FD923840EB60004EAB5 /* Resources */ = {
			isa = PBXResourcesBuildPhase;
			buildActionMask = 2147483647;
			files = (
				3AD83FEE23840EBB0004EAB5 /* LaunchScreen.storyboard in Resources */,
				3AD83FEB23840EBB0004EAB5 /* Assets.xcassets in Resources */,
			);
			runOnlyForDeploymentPostprocessing = 0;
		};
/* End PBXResourcesBuildPhase section */

/* Begin PBXSourcesBuildPhase section */
		3AD83FD723840EB60004EAB5 /* Sources */ = {
			isa = PBXSourcesBuildPhase;
			buildActionMask = 2147483647;
			files = (
				3AD83FE023840EB60004EAB5 /* AppDelegate.m in Sources */,
				3AD83FF123840EBB0004EAB5 /* main.m in Sources */,
			);
			runOnlyForDeploymentPostprocessing = 0;
		};
/* End PBXSourcesBuildPhase section */

/* Begin PBXVariantGroup section */
		3AD83FEC23840EBB0004EAB5 /* LaunchScreen.storyboard */ = {
			isa = PBXVariantGroup;
			children = (
				3AD83FED23840EBB0004EAB5 /* Base */,
			);
			name = LaunchScreen.storyboard;
			sourceTree = "<group>";
		};
/* End PBXVariantGroup section */

/* Begin XCBuildConfiguration section */
		3AD83FF223840EBB0004EAB5 /* Debug */ = {
			isa = XCBuildConfiguration;
			buildSettings = {
				ALWAYS_SEARCH_USER_PATHS = NO;
				CLANG_ANALYZER_NONNULL = YES;
				CLANG_ANALYZER_NUMBER_OBJECT_CONVERSION = YES_AGGRESSIVE;
				CLANG_CXX_LANGUAGE_STANDARD = "gnu++14";
				CLANG_CXX_LIBRARY = "libc++";
				CLANG_ENABLE_MODULES = YES;
				CLANG_ENABLE_OBJC_ARC = YES;
				CLANG_ENABLE_OBJC_WEAK = YES;
				CLANG_WARN_BLOCK_CAPTURE_AUTORELEASING = YES;
				CLANG_WARN_BOOL_CONVERSION = YES;
				CLANG_WARN_COMMA = YES;
				CLANG_WARN_CONSTANT_CONVERSION = YES;
				CLANG_WARN_DEPRECATED_OBJC_IMPLEMENTATIONS = YES;
				CLANG_WARN_DIRECT_OBJC_ISA_USAGE = YES_ERROR;
				CLANG_WARN_DOCUMENTATION_COMMENTS = YES;
				CLANG_WARN_EMPTY_BODY = YES;
				CLANG_WARN_ENUM_CONVERSION = YES;
				CLANG_WARN_INFINITE_RECURSION = YES;
				CLANG_WARN_INT_CONVERSION = YES;
				CLANG_WARN_NON_LITERAL_NULL_CONVERSION = YES;
				CLANG_WARN_OBJC_IMPLICIT_RETAIN_SELF = YES;
				CLANG_WARN_OBJC_LITERAL_CONVERSION = YES;
				CLANG_WARN_OBJC_ROOT_CLASS = YES_ERROR;
				CLANG_WARN_RANGE_LOOP_ANALYSIS = YES;
				CLANG_WARN_STRICT_PROTOTYPES = YES;
				CLANG_WARN_SUSPICIOUS_MOVE = YES;
				CLANG_WARN_UNGUARDED_AVAILABILITY = YES_AGGRESSIVE;
				CLANG_WARN_UNREACHABLE_CODE = YES;
				CLANG_WARN__DUPLICATE_METHOD_MATCH = YES;
				COPY_PHASE_STRIP = NO;
				DEBUG_INFORMATION_FORMAT = dwarf;
				ENABLE_STRICT_OBJC_MSGSEND = YES;
				ENABLE_TESTABILITY = YES;
				GCC_C_LANGUAGE_STANDARD = gnu11;
				GCC_DYNAMIC_NO_PIC = NO;
				GCC_NO_COMMON_BLOCKS = YES;
				GCC_OPTIMIZATION_LEVEL = 0;
				GCC_PREPROCESSOR_DEFINITIONS = (
					"DEBUG=1",
					"$(inherited)",
				);
				GCC_WARN_64_TO_32_BIT_CONVERSION = YES;
				GCC_WARN_ABOUT_RETURN_TYPE = YES_ERROR;
				GCC_WARN_UNDECLARED_SELECTOR = YES;
				GCC_WARN_UNINITIALIZED_AUTOS = YES_AGGRESSIVE;
				GCC_WARN_UNUSED_FUNCTION = YES;
				GCC_WARN_UNUSED_VARIABLE = YES;
				IPHONEOS_DEPLOYMENT_TARGET = 13.2;
				MTL_ENABLE_DEBUG_INFO = INCLUDE_SOURCE;
				MTL_FAST_MATH = YES;
				ONLY_ACTIVE_ARCH = YES;
				SDKROOT = iphoneos;
			};
			name = Debug;
		};
		3AD83FF323840EBB0004EAB5 /* Release */ = {
			isa = XCBuildConfiguration;
			buildSettings = {
				ALWAYS_SEARCH_USER_PATHS = NO;
				CLANG_ANALYZER_NONNULL = YES;
				CLANG_ANALYZER_NUMBER_OBJECT_CONVERSION = YES_AGGRESSIVE;
				CLANG_CXX_LANGUAGE_STANDARD = "gnu++14";
				CLANG_CXX_LIBRARY = "libc++";
				CLANG_ENABLE_MODULES = YES;
				CLANG_ENABLE_OBJC_ARC = YES;
				CLANG_ENABLE_OBJC_WEAK = YES;
				CLANG_WARN_BLOCK_CAPTURE_AUTORELEASING = YES;
				CLANG_WARN_BOOL_CONVERSION = YES;
				CLANG_WARN_COMMA = YES;
				CLANG_WARN_CONSTANT_CONVERSION = YES;
				CLANG_WARN_DEPRECATED_OBJC_IMPLEMENTATIONS = YES;
				CLANG_WARN_DIRECT_OBJC_ISA_USAGE = YES_ERROR;
				CLANG_WARN_DOCUMENTATION_COMMENTS = YES;
				CLANG_WARN_EMPTY_BODY = YES;
				CLANG_WARN_ENUM_CONVERSION = YES;
				CLANG_WARN_INFINITE_RECURSION = YES;
				CLANG_WARN_INT_CONVERSION = YES;
				CLANG_WARN_NON_LITERAL_NULL_CONVERSION = YES;
				CLANG_WARN_OBJC_IMPLICIT_RETAIN_SELF = YES;
				CLANG_WARN_OBJC_LITERAL_CONVERSION = YES;
				CLANG_WARN_OBJC_ROOT_CLASS = YES_ERROR;
				CLANG_WARN_RANGE_LOOP_ANALYSIS = YES;
				CLANG_WARN_STRICT_PROTOTYPES = YES;
				CLANG_WARN_SUSPICIOUS_MOVE = YES;
				CLANG_WARN_UNGUARDED_AVAILABILITY = YES_AGGRESSIVE;
				CLANG_WARN_UNREACHABLE_CODE = YES;
				CLANG_WARN__DUPLICATE_METHOD_MATCH = YES;
				COPY_PHASE_STRIP = NO;
				DEBUG_INFORMATION_FORMAT = "dwarf-with-dsym";
				ENABLE_NS_ASSERTIONS = NO;
				ENABLE_STRICT_OBJC_MSGSEND = YES;
				GCC_C_LANGUAGE_STANDARD = gnu11;
				GCC_NO_COMMON_BLOCKS = YES;
				GCC_WARN_64_TO_32_BIT_CONVERSION = YES;
				GCC_WARN_ABOUT_RETURN_TYPE = YES_ERROR;
				GCC_WARN_UNDECLARED_SELECTOR = YES;
				GCC_WARN_UNINITIALIZED_AUTOS = YES_AGGRESSIVE;
				GCC_WARN_UNUSED_FUNCTION = YES;
				GCC_WARN_UNUSED_VARIABLE = YES;
				IPHONEOS_DEPLOYMENT_TARGET = 13.2;
				MTL_ENABLE_DEBUG_INFO = NO;
				MTL_FAST_MATH = YES;
				SDKROOT = iphoneos;
				VALIDATE_PRODUCT = YES;
			};
			name = Release;
		};
		3AD83FF523840EBB0004EAB5 /* Debug */ = {
			isa = XCBuildConfiguration;
			buildSettings = {
				ASSETCATALOG_COMPILER_APPICON_NAME = AppIcon;
				CODE_SIGN_STYLE = Automatic;
				DEVELOPMENT_TEAM = RHRQ68MJ3K;
				FRAMEWORK_SEARCH_PATHS = (
					"$(inherited)",
					"$(PROJECT_DIR)/DSHybridSDK",
				);
				INFOPLIST_FILE = DSHybridAppExam/Info.plist;
				IPHONEOS_DEPLOYMENT_TARGET = 10.0;
				LD_RUNPATH_SEARCH_PATHS = (
					"$(inherited)",
					"@executable_path/Frameworks",
				);
				PRODUCT_BUNDLE_IDENTIFIER = com.directionsoft.DSHybridAppExam;
				PRODUCT_NAME = "$(TARGET_NAME)";
				TARGETED_DEVICE_FAMILY = "1,2";
			};
			name = Debug;
		};
		3AD83FF623840EBB0004EAB5 /* Release */ = {
			isa = XCBuildConfiguration;
			buildSettings = {
				ASSETCATALOG_COMPILER_APPICON_NAME = AppIcon;
				CODE_SIGN_STYLE = Automatic;
				DEVELOPMENT_TEAM = RHRQ68MJ3K;
				FRAMEWORK_SEARCH_PATHS = (
					"$(inherited)",
					"$(PROJECT_DIR)/DSHybridSDK",
				);
				INFOPLIST_FILE = DSHybridAppExam/Info.plist;
				IPHONEOS_DEPLOYMENT_TARGET = 10.0;
				LD_RUNPATH_SEARCH_PATHS = (
					"$(inherited)",
					"@executable_path/Frameworks",
				);
				PRODUCT_BUNDLE_IDENTIFIER = com.directionsoft.DSHybridAppExam;
				PRODUCT_NAME = "$(TARGET_NAME)";
				TARGETED_DEVICE_FAMILY = "1,2";
			};
			name = Release;
		};
/* End XCBuildConfiguration section */

/* Begin XCConfigurationList section */
		3AD83FD623840EB60004EAB5 /* Build configuration list for PBXProject "DSHybridAppExam" */ = {
			isa = XCConfigurationList;
			buildConfigurations = (
				3AD83FF223840EBB0004EAB5 /* Debug */,
				3AD83FF323840EBB0004EAB5 /* Release */,
			);
			defaultConfigurationIsVisible = 0;
			defaultConfigurationName = Release;
		};
		3AD83FF423840EBB0004EAB5 /* Build configuration list for PBXNativeTarget "DSHybridAppExam" */ = {
			isa = XCConfigurationList;
			buildConfigurations = (
				3AD83FF523840EBB0004EAB5 /* Debug */,
				3AD83FF623840EBB0004EAB5 /* Release */,
			);
			defaultConfigurationIsVisible = 0;
			defaultConfigurationName = Release;
		};
/* End XCConfigurationList section */
	};
	rootObject = 3AD83FD323840EB60004EAB5 /* Project object */;
}
